
Microsoft Visual Studio Solution File, Format Version 12.00
# Visual Studio Version 17
VisualStudioVersion = 17.14.36327.8 d17.14
MinimumVisualStudioVersion = 10.0.40219.1
Project("{FAE04EC0-301F-11D3-BF4B-00C04F79EFBC}") = "logifly.api", "logifly.api\logifly.api.csproj", "{9B7D0CEB-62C0-45AD-8AC2-10760E19A860}"
EndProject
Project("{FAE04EC0-301F-11D3-BF4B-00C04F79EFBC}") = "logifly.application", "logifly.application\logifly.application.csproj", "{DDB12773-CE9F-426F-8644-9310A7D929BF}"
EndProject
Project("{FAE04EC0-301F-11D3-BF4B-00C04F79EFBC}") = "logifly.domain", "logifly.domain\logifly.domain.csproj", "{E449B283-71F8-43F0-88BD-1F08B3C6C2B5}"
EndProject
Project("{FAE04EC0-301F-11D3-BF4B-00C04F79EFBC}") = "logifly.infrastructure", "logifly.infrastructure\logifly.infrastructure.csproj", "{830A0FBF-FED1-45A0-B228-B1AC5113D109}"
EndProject
Project("{FAE04EC0-301F-11D3-BF4B-00C04F79EFBC}") = "logifly.persistence", "logifly.persistence\logifly.persistence.csproj", "{B523FED4-4EBF-440F-ABC2-E82006DE208B}"
EndProject
Global
	GlobalSection(SolutionConfigurationPlatforms) = preSolution
		Debug|Any CPU = Debug|Any CPU
		Release|Any CPU = Release|Any CPU
	EndGlobalSection
	GlobalSection(ProjectConfigurationPlatforms) = postSolution
		{9B7D0CEB-62C0-45AD-8AC2-10760E19A860}.Debug|Any CPU.ActiveCfg = Debug|Any CPU
		{9B7D0CEB-62C0-45AD-8AC2-10760E19A860}.Debug|Any CPU.Build.0 = Debug|Any CPU
		{9B7D0CEB-62C0-45AD-8AC2-10760E19A860}.Release|Any CPU.ActiveCfg = Release|Any CPU
		{9B7D0CEB-62C0-45AD-8AC2-10760E19A860}.Release|Any CPU.Build.0 = Release|Any CPU
		{DDB12773-CE9F-426F-8644-9310A7D929BF}.Debug|Any CPU.ActiveCfg = Debug|Any CPU
		{DDB12773-CE9F-426F-8644-9310A7D929BF}.Debug|Any CPU.Build.0 = Debug|Any CPU
		{DDB12773-CE9F-426F-8644-9310A7D929BF}.Release|Any CPU.ActiveCfg = Release|Any CPU
		{DDB12773-CE9F-426F-8644-9310A7D929BF}.Release|Any CPU.Build.0 = Release|Any CPU
		{E449B283-71F8-43F0-88BD-1F08B3C6C2B5}.Debug|Any CPU.ActiveCfg = Debug|Any CPU
		{E449B283-71F8-43F0-88BD-1F08B3C6C2B5}.Debug|Any CPU.Build.0 = Debug|Any CPU
		{E449B283-71F8-43F0-88BD-1F08B3C6C2B5}.Release|Any CPU.ActiveCfg = Release|Any CPU
		{E449B283-71F8-43F0-88BD-1F08B3C6C2B5}.Release|Any CPU.Build.0 = Release|Any CPU
		{830A0FBF-FED1-45A0-B228-B1AC5113D109}.Debug|Any CPU.ActiveCfg = Debug|Any CPU
		{830A0FBF-FED1-45A0-B228-B1AC5113D109}.Debug|Any CPU.Build.0 = Debug|Any CPU
		{830A0FBF-FED1-45A0-B228-B1AC5113D109}.Release|Any CPU.ActiveCfg = Release|Any CPU
		{830A0FBF-FED1-45A0-B228-B1AC5113D109}.Release|Any CPU.Build.0 = Release|Any CPU
		{B523FED4-4EBF-440F-ABC2-E82006DE208B}.Debug|Any CPU.ActiveCfg = Debug|Any CPU
		{B523FED4-4EBF-440F-ABC2-E82006DE208B}.Debug|Any CPU.Build.0 = Debug|Any CPU
		{B523FED4-4EBF-440F-ABC2-E82006DE208B}.Release|Any CPU.ActiveCfg = Release|Any CPU
		{B523FED4-4EBF-440F-ABC2-E82006DE208B}.Release|Any CPU.Build.0 = Release|Any CPU
	EndGlobalSection
	GlobalSection(SolutionProperties) = preSolution
		HideSolutionNode = FALSE
	EndGlobalSection
	GlobalSection(ExtensibilityGlobals) = postSolution
		SolutionGuid = {3E99B930-0C11-403C-9714-78F1870815A5}
	EndGlobalSection
EndGlobal
